
Microsoft Visual Studio Solution File, Format Version 12.00
# Visual Studio 15
VisualStudioVersion = 15.0.27729.1
MinimumVisualStudioVersion = 10.0.40219.1
Project("{2150E333-8FDC-42A3-9474-1A3956D46DE8}") = "Templates", "Templates", "{8AE0117B-6D84-42FC-9A7E-67C416960969}"
EndProject
Project("{9A19103F-16F7-4668-BE54-9A1E7A4F7556}") = "ProspaAspNetCoreApi", "src\Templates\ProspaAspNetCoreApi\ProspaAspNetCoreApi.csproj", "{1DA82AC9-88F1-4447-BC9A-64E18EC9A972}"
EndProject
Project("{9A19103F-16F7-4668-BE54-9A1E7A4F7556}") = "ProspaTemplates", "src\ProspaTemplates\ProspaTemplates.csproj", "{E583A9F5-ACCC-415C-9C80-6F962A0A3250}"
EndProject
Global
	GlobalSection(SolutionConfigurationPlatforms) = preSolution
		Debug|Any CPU = Debug|Any CPU
		Release|Any CPU = Release|Any CPU
	EndGlobalSection
	GlobalSection(ProjectConfigurationPlatforms) = postSolution
		{1DA82AC9-88F1-4447-BC9A-64E18EC9A972}.Debug|Any CPU.ActiveCfg = Debug|Any CPU
		{1DA82AC9-88F1-4447-BC9A-64E18EC9A972}.Debug|Any CPU.Build.0 = Debug|Any CPU
		{1DA82AC9-88F1-4447-BC9A-64E18EC9A972}.Release|Any CPU.ActiveCfg = Release|Any CPU
		{1DA82AC9-88F1-4447-BC9A-64E18EC9A972}.Release|Any CPU.Build.0 = Release|Any CPU
		{E583A9F5-ACCC-415C-9C80-6F962A0A3250}.Debug|Any CPU.ActiveCfg = Debug|Any CPU
		{E583A9F5-ACCC-415C-9C80-6F962A0A3250}.Debug|Any CPU.Build.0 = Debug|Any CPU
		{E583A9F5-ACCC-415C-9C80-6F962A0A3250}.Release|Any CPU.ActiveCfg = Release|Any CPU
		{E583A9F5-ACCC-415C-9C80-6F962A0A3250}.Release|Any CPU.Build.0 = Release|Any CPU
	EndGlobalSection
	GlobalSection(SolutionProperties) = preSolution
		HideSolutionNode = FALSE
	EndGlobalSection
	GlobalSection(NestedProjects) = preSolution
		{1DA82AC9-88F1-4447-BC9A-64E18EC9A972} = {8AE0117B-6D84-42FC-9A7E-67C416960969}
	EndGlobalSection
	GlobalSection(ExtensibilityGlobals) = postSolution
		SolutionGuid = {DED049E5-D157-498F-AEF9-6383519A687E}
	EndGlobalSection
EndGlobal
